
Microsoft Visual Studio Solution File, Format Version 12.00
# Visual Studio Version 17
VisualStudioVersion = 17.4.33122.133
MinimumVisualStudioVersion = 10.0.40219.1
Project("{9A19103F-16F7-4668-BE54-9A1E7A4F7556}") = "Task2.1", "Task2.1\Task2.1.csproj", "{EE972498-1B69-4577-BBB0-C8F9FB8EFFA5}"
EndProject
Project("{9A19103F-16F7-4668-BE54-9A1E7A4F7556}") = "Task2.2", "Task2.2\Task2.2.csproj", "{E657960C-C9E7-4DBB-BD5A-9AF5981E8313}"
EndProject
Project("{9A19103F-16F7-4668-BE54-9A1E7A4F7556}") = "Task2.3", "Task2.3\Task2.3.csproj", "{3C573C44-D6E3-4D8E-ABF3-CCD4F17D7188}"
EndProject
Project("{9A19103F-16F7-4668-BE54-9A1E7A4F7556}") = "Task1", "Task1\Task1.csproj", "{29CE8BD1-F62C-44DA-BD4C-CA89D7F76F67}"
EndProject
Project("{9A19103F-16F7-4668-BE54-9A1E7A4F7556}") = "Task2.4", "Task2.4\Task2.4.csproj", "{215721B8-ECEB-470C-8188-345570D272EE}"
EndProject
Project("{9A19103F-16F7-4668-BE54-9A1E7A4F7556}") = "Task2.5", "Task2.5\Task2.5.csproj", "{AAE64C5A-FCBC-4782-80AD-056806BC5B51}"
EndProject
Project("{9A19103F-16F7-4668-BE54-9A1E7A4F7556}") = "Lesson4.1", "Lesson4.1\Lesson4.1.csproj", "{984E58AF-AA9F-4672-91FA-BB8E361EDBD2}"
EndProject
Project("{9A19103F-16F7-4668-BE54-9A1E7A4F7556}") = "Lesson4.2", "Lesson4.2\Lesson4.2.csproj", "{D72870E3-5BAF-415D-B1C8-AEE7B5F8F634}"
EndProject
Project("{9A19103F-16F7-4668-BE54-9A1E7A4F7556}") = "Lesson5.1", "Lesson5.1\Lesson5.1.csproj", "{B34BB8E4-B63D-4884-9336-248801B0041A}"
EndProject
Project("{9A19103F-16F7-4668-BE54-9A1E7A4F7556}") = "Lesson5.2", "Lesson5.2\Lesson5.2.csproj", "{18CD701D-59C2-4525-940C-FECFBC4C8080}"
EndProject
Project("{9A19103F-16F7-4668-BE54-9A1E7A4F7556}") = "Lesson6", "Lesson6\Lesson6.csproj", "{11E0C735-CE0F-4864-8EC0-510CFC2FC4CF}"
EndProject
Global
	GlobalSection(SolutionConfigurationPlatforms) = preSolution
		Debug|Any CPU = Debug|Any CPU
		Release|Any CPU = Release|Any CPU
	EndGlobalSection
	GlobalSection(ProjectConfigurationPlatforms) = postSolution
		{EE972498-1B69-4577-BBB0-C8F9FB8EFFA5}.Debug|Any CPU.ActiveCfg = Debug|Any CPU
		{EE972498-1B69-4577-BBB0-C8F9FB8EFFA5}.Debug|Any CPU.Build.0 = Debug|Any CPU
		{EE972498-1B69-4577-BBB0-C8F9FB8EFFA5}.Release|Any CPU.ActiveCfg = Release|Any CPU
		{EE972498-1B69-4577-BBB0-C8F9FB8EFFA5}.Release|Any CPU.Build.0 = Release|Any CPU
		{E657960C-C9E7-4DBB-BD5A-9AF5981E8313}.Debug|Any CPU.ActiveCfg = Debug|Any CPU
		{E657960C-C9E7-4DBB-BD5A-9AF5981E8313}.Debug|Any CPU.Build.0 = Debug|Any CPU
		{E657960C-C9E7-4DBB-BD5A-9AF5981E8313}.Release|Any CPU.ActiveCfg = Release|Any CPU
		{E657960C-C9E7-4DBB-BD5A-9AF5981E8313}.Release|Any CPU.Build.0 = Release|Any CPU
		{3C573C44-D6E3-4D8E-ABF3-CCD4F17D7188}.Debug|Any CPU.ActiveCfg = Debug|Any CPU
		{3C573C44-D6E3-4D8E-ABF3-CCD4F17D7188}.Debug|Any CPU.Build.0 = Debug|Any CPU
		{3C573C44-D6E3-4D8E-ABF3-CCD4F17D7188}.Release|Any CPU.ActiveCfg = Release|Any CPU
		{3C573C44-D6E3-4D8E-ABF3-CCD4F17D7188}.Release|Any CPU.Build.0 = Release|Any CPU
		{29CE8BD1-F62C-44DA-BD4C-CA89D7F76F67}.Debug|Any CPU.ActiveCfg = Debug|Any CPU
		{29CE8BD1-F62C-44DA-BD4C-CA89D7F76F67}.Debug|Any CPU.Build.0 = Debug|Any CPU
		{29CE8BD1-F62C-44DA-BD4C-CA89D7F76F67}.Release|Any CPU.ActiveCfg = Release|Any CPU
		{29CE8BD1-F62C-44DA-BD4C-CA89D7F76F67}.Release|Any CPU.Build.0 = Release|Any CPU
		{215721B8-ECEB-470C-8188-345570D272EE}.Debug|Any CPU.ActiveCfg = Debug|Any CPU
		{215721B8-ECEB-470C-8188-345570D272EE}.Debug|Any CPU.Build.0 = Debug|Any CPU
		{215721B8-ECEB-470C-8188-345570D272EE}.Release|Any CPU.ActiveCfg = Release|Any CPU
		{215721B8-ECEB-470C-8188-345570D272EE}.Release|Any CPU.Build.0 = Release|Any CPU
		{AAE64C5A-FCBC-4782-80AD-056806BC5B51}.Debug|Any CPU.ActiveCfg = Debug|Any CPU
		{AAE64C5A-FCBC-4782-80AD-056806BC5B51}.Debug|Any CPU.Build.0 = Debug|Any CPU
		{AAE64C5A-FCBC-4782-80AD-056806BC5B51}.Release|Any CPU.ActiveCfg = Release|Any CPU
		{AAE64C5A-FCBC-4782-80AD-056806BC5B51}.Release|Any CPU.Build.0 = Release|Any CPU
		{984E58AF-AA9F-4672-91FA-BB8E361EDBD2}.Debug|Any CPU.ActiveCfg = Debug|Any CPU
		{984E58AF-AA9F-4672-91FA-BB8E361EDBD2}.Debug|Any CPU.Build.0 = Debug|Any CPU
		{984E58AF-AA9F-4672-91FA-BB8E361EDBD2}.Release|Any CPU.ActiveCfg = Release|Any CPU
		{984E58AF-AA9F-4672-91FA-BB8E361EDBD2}.Release|Any CPU.Build.0 = Release|Any CPU
		{D72870E3-5BAF-415D-B1C8-AEE7B5F8F634}.Debug|Any CPU.ActiveCfg = Debug|Any CPU
		{D72870E3-5BAF-415D-B1C8-AEE7B5F8F634}.Debug|Any CPU.Build.0 = Debug|Any CPU
		{D72870E3-5BAF-415D-B1C8-AEE7B5F8F634}.Release|Any CPU.ActiveCfg = Release|Any CPU
		{D72870E3-5BAF-415D-B1C8-AEE7B5F8F634}.Release|Any CPU.Build.0 = Release|Any CPU
		{B34BB8E4-B63D-4884-9336-248801B0041A}.Debug|Any CPU.ActiveCfg = Debug|Any CPU
		{B34BB8E4-B63D-4884-9336-248801B0041A}.Debug|Any CPU.Build.0 = Debug|Any CPU
		{B34BB8E4-B63D-4884-9336-248801B0041A}.Release|Any CPU.ActiveCfg = Release|Any CPU
		{B34BB8E4-B63D-4884-9336-248801B0041A}.Release|Any CPU.Build.0 = Release|Any CPU
		{18CD701D-59C2-4525-940C-FECFBC4C8080}.Debug|Any CPU.ActiveCfg = Debug|Any CPU
		{18CD701D-59C2-4525-940C-FECFBC4C8080}.Debug|Any CPU.Build.0 = Debug|Any CPU
		{18CD701D-59C2-4525-940C-FECFBC4C8080}.Release|Any CPU.ActiveCfg = Release|Any CPU
		{18CD701D-59C2-4525-940C-FECFBC4C8080}.Release|Any CPU.Build.0 = Release|Any CPU
		{11E0C735-CE0F-4864-8EC0-510CFC2FC4CF}.Debug|Any CPU.ActiveCfg = Debug|Any CPU
		{11E0C735-CE0F-4864-8EC0-510CFC2FC4CF}.Debug|Any CPU.Build.0 = Debug|Any CPU
		{11E0C735-CE0F-4864-8EC0-510CFC2FC4CF}.Release|Any CPU.ActiveCfg = Release|Any CPU
		{11E0C735-CE0F-4864-8EC0-510CFC2FC4CF}.Release|Any CPU.Build.0 = Release|Any CPU
	EndGlobalSection
	GlobalSection(SolutionProperties) = preSolution
		HideSolutionNode = FALSE
	EndGlobalSection
	GlobalSection(ExtensibilityGlobals) = postSolution
		SolutionGuid = {E6D8029F-DB16-4907-B64F-5B508A92BF66}
	EndGlobalSection
EndGlobal
